PODS:
  - Mixpanel (3.0.0):
    - Mixpanel/Mixpanel (= 3.0.0)
  - Mixpanel/Mixpanel (3.0.0)

DEPENDENCIES:
  - Mixpanel

SPEC REPOS:
  https://github.com/cocoapods/specs.git:
    - Mixpanel

SPEC CHECKSUMS:
  Mixpanel: ac92056ee35a961362513ba11049e67cffcaa1f1

PODFILE CHECKSUM: cb56aeab3fef58c10347f48ab6792a0f6660e027

COCOAPODS: 1.7.2
